
Microsoft Visual Studio Solution File, Format Version 12.00
# Visual Studio Version 17
VisualStudioVersion = 17.9.34607.119
MinimumVisualStudioVersion = 10.0.40219.1
Project("{9A19103F-16F7-4668-BE54-9A1E7A4F7556}") = "Cars.API", "cqrs-example\Cars.API.csproj", "{9D116141-C6FD-432E-8D4D-6CFC815413B0}"
EndProject
Project("{9A19103F-16F7-4668-BE54-9A1E7A4F7556}") = "Cars.Domain", "crqs.example.domain\Cars.Domain.csproj", "{A4DE553B-42CC-4A33-A898-0AEAFBE2B569}"
EndProject
Project("{9A19103F-16F7-4668-BE54-9A1E7A4F7556}") = "Cars.Application", "cqrs.example.application\Cars.Application.csproj", "{4F72110A-518A-45F9-960F-653A05810DE9}"
EndProject
Project("{FAE04EC0-301F-11D3-BF4B-00C04F79EFBC}") = "Cars.Infrastructure", "Cars.Infrastructure\Cars.Infrastructure.csproj", "{E6E350C9-44A8-4109-AC74-598A958F7CF3}"
EndProject
Project("{FAE04EC0-301F-11D3-BF4B-00C04F79EFBC}") = "Cars.Infrastructure.IoC", "Cars.Infrastructure.IoC\Cars.Infrastructure.IoC.csproj", "{11BCBCDA-4DFC-4667-838F-592E27C42833}"
EndProject
Global
	GlobalSection(SolutionConfigurationPlatforms) = preSolution
		Debug|Any CPU = Debug|Any CPU
		Release|Any CPU = Release|Any CPU
	EndGlobalSection
	GlobalSection(ProjectConfigurationPlatforms) = postSolution
		{9D116141-C6FD-432E-8D4D-6CFC815413B0}.Debug|Any CPU.ActiveCfg = Debug|Any CPU
		{9D116141-C6FD-432E-8D4D-6CFC815413B0}.Debug|Any CPU.Build.0 = Debug|Any CPU
		{9D116141-C6FD-432E-8D4D-6CFC815413B0}.Release|Any CPU.ActiveCfg = Release|Any CPU
		{9D116141-C6FD-432E-8D4D-6CFC815413B0}.Release|Any CPU.Build.0 = Release|Any CPU
		{A4DE553B-42CC-4A33-A898-0AEAFBE2B569}.Debug|Any CPU.ActiveCfg = Debug|Any CPU
		{A4DE553B-42CC-4A33-A898-0AEAFBE2B569}.Debug|Any CPU.Build.0 = Debug|Any CPU
		{A4DE553B-42CC-4A33-A898-0AEAFBE2B569}.Release|Any CPU.ActiveCfg = Release|Any CPU
		{A4DE553B-42CC-4A33-A898-0AEAFBE2B569}.Release|Any CPU.Build.0 = Release|Any CPU
		{4F72110A-518A-45F9-960F-653A05810DE9}.Debug|Any CPU.ActiveCfg = Debug|Any CPU
		{4F72110A-518A-45F9-960F-653A05810DE9}.Debug|Any CPU.Build.0 = Debug|Any CPU
		{4F72110A-518A-45F9-960F-653A05810DE9}.Release|Any CPU.ActiveCfg = Release|Any CPU
		{4F72110A-518A-45F9-960F-653A05810DE9}.Release|Any CPU.Build.0 = Release|Any CPU
		{E6E350C9-44A8-4109-AC74-598A958F7CF3}.Debug|Any CPU.ActiveCfg = Debug|Any CPU
		{E6E350C9-44A8-4109-AC74-598A958F7CF3}.Debug|Any CPU.Build.0 = Debug|Any CPU
		{E6E350C9-44A8-4109-AC74-598A958F7CF3}.Release|Any CPU.ActiveCfg = Release|Any CPU
		{E6E350C9-44A8-4109-AC74-598A958F7CF3}.Release|Any CPU.Build.0 = Release|Any CPU
		{11BCBCDA-4DFC-4667-838F-592E27C42833}.Debug|Any CPU.ActiveCfg = Debug|Any CPU
		{11BCBCDA-4DFC-4667-838F-592E27C42833}.Debug|Any CPU.Build.0 = Debug|Any CPU
		{11BCBCDA-4DFC-4667-838F-592E27C42833}.Release|Any CPU.ActiveCfg = Release|Any CPU
		{11BCBCDA-4DFC-4667-838F-592E27C42833}.Release|Any CPU.Build.0 = Release|Any CPU
	EndGlobalSection
	GlobalSection(SolutionProperties) = preSolution
		HideSolutionNode = FALSE
	EndGlobalSection
	GlobalSection(ExtensibilityGlobals) = postSolution
		SolutionGuid = {49C2A4DF-4B63-487B-B6A0-EB7DDC3E3559}
	EndGlobalSection
EndGlobal
